
Microsoft Visual Studio Solution File, Format Version 11.00
# Visual Studio 2010
Project("{FAE04EC0-301F-11D3-BF4B-00C04F79EFBC}") = "FactoryFriendCore", "FactoryFriendCore\FactoryFriendCore.csproj", "{4A283380-72F6-418B-955A-968F94B2AC6D}"
EndProject
Project("{FAE04EC0-301F-11D3-BF4B-00C04F79EFBC}") = "FactoryFriendCore.Test", "FactoryFriendCore.Test\FactoryFriendCore.Test.csproj", "{C661E710-F535-4EFD-879D-763D5F53E60F}"
EndProject
Global
	GlobalSection(SolutionConfigurationPlatforms) = preSolution
		Debug|Any CPU = Debug|Any CPU
		Release|Any CPU = Release|Any CPU
	EndGlobalSection
	GlobalSection(ProjectConfigurationPlatforms) = postSolution
		{256CBBB8-C86B-4467-A773-B710A1804D7B}.Debug|Any CPU.ActiveCfg = Debug|Any CPU
		{256CBBB8-C86B-4467-A773-B710A1804D7B}.Debug|Any CPU.Build.0 = Debug|Any CPU
		{256CBBB8-C86B-4467-A773-B710A1804D7B}.Release|Any CPU.ActiveCfg = Release|Any CPU
		{256CBBB8-C86B-4467-A773-B710A1804D7B}.Release|Any CPU.Build.0 = Release|Any CPU
		{816A3D86-3EE1-4FC3-BA23-D299F2C97490}.Debug|Any CPU.ActiveCfg = Debug|Any CPU
		{816A3D86-3EE1-4FC3-BA23-D299F2C97490}.Debug|Any CPU.Build.0 = Debug|Any CPU
		{816A3D86-3EE1-4FC3-BA23-D299F2C97490}.Release|Any CPU.ActiveCfg = Release|Any CPU
		{816A3D86-3EE1-4FC3-BA23-D299F2C97490}.Release|Any CPU.Build.0 = Release|Any CPU
		{4A283380-72F6-418B-955A-968F94B2AC6D}.Debug|Any CPU.ActiveCfg = Debug|Any CPU
		{4A283380-72F6-418B-955A-968F94B2AC6D}.Debug|Any CPU.Build.0 = Debug|Any CPU
		{4A283380-72F6-418B-955A-968F94B2AC6D}.Release|Any CPU.ActiveCfg = Release|Any CPU
		{4A283380-72F6-418B-955A-968F94B2AC6D}.Release|Any CPU.Build.0 = Release|Any CPU
		{C661E710-F535-4EFD-879D-763D5F53E60F}.Debug|Any CPU.ActiveCfg = Debug|Any CPU
		{C661E710-F535-4EFD-879D-763D5F53E60F}.Debug|Any CPU.Build.0 = Debug|Any CPU
		{C661E710-F535-4EFD-879D-763D5F53E60F}.Release|Any CPU.ActiveCfg = Release|Any CPU
		{C661E710-F535-4EFD-879D-763D5F53E60F}.Release|Any CPU.Build.0 = Release|Any CPU
	EndGlobalSection
	GlobalSection(SolutionProperties) = preSolution
		HideSolutionNode = FALSE
	EndGlobalSection
EndGlobal
